
Microsoft Visual Studio Solution File, Format Version 12.00
# Visual Studio Version 17
VisualStudioVersion = 17.2.32630.192
MinimumVisualStudioVersion = 10.0.40219.1
Project("{8BC9CEB8-8B4A-11D0-8D11-00A0C91BC942}") = "4.1 addreses", "4.1 addreses\4.1 addreses.vcxproj", "{A5AAF5A9-C7A2-467A-9D70-D48EBC8965B2}"
EndProject
Global
	GlobalSection(SolutionConfigurationPlatforms) = preSolution
		Debug|x64 = Debug|x64
		Debug|x86 = Debug|x86
		Release|x64 = Release|x64
		Release|x86 = Release|x86
	EndGlobalSection
	GlobalSection(ProjectConfigurationPlatforms) = postSolution
		{A5AAF5A9-C7A2-467A-9D70-D48EBC8965B2}.Debug|x64.ActiveCfg = Debug|x64
		{A5AAF5A9-C7A2-467A-9D70-D48EBC8965B2}.Debug|x64.Build.0 = Debug|x64
		{A5AAF5A9-C7A2-467A-9D70-D48EBC8965B2}.Debug|x86.ActiveCfg = Debug|Win32
		{A5AAF5A9-C7A2-467A-9D70-D48EBC8965B2}.Debug|x86.Build.0 = Debug|Win32
		{A5AAF5A9-C7A2-467A-9D70-D48EBC8965B2}.Release|x64.ActiveCfg = Release|x64
		{A5AAF5A9-C7A2-467A-9D70-D48EBC8965B2}.Release|x64.Build.0 = Release|x64
		{A5AAF5A9-C7A2-467A-9D70-D48EBC8965B2}.Release|x86.ActiveCfg = Release|Win32
		{A5AAF5A9-C7A2-467A-9D70-D48EBC8965B2}.Release|x86.Build.0 = Release|Win32
	EndGlobalSection
	GlobalSection(SolutionProperties) = preSolution
		HideSolutionNode = FALSE
	EndGlobalSection
	GlobalSection(ExtensibilityGlobals) = postSolution
		SolutionGuid = {43F33280-464B-4179-BCAB-C9E6B7347954}
	EndGlobalSection
EndGlobal
