
Microsoft Visual Studio Solution File, Format Version 12.00
# Visual Studio Version 17
VisualStudioVersion = 17.3.32929.385
MinimumVisualStudioVersion = 10.0.40219.1
Project("{8BC9CEB8-8B4A-11D0-8D11-00A0C91BC942}") = "consoleapp", "consoleapp\consoleapp.vcxproj", "{E21D6AE4-307C-4E24-941D-CF92CA4FE6B0}"
EndProject
Project("{8BC9CEB8-8B4A-11D0-8D11-00A0C91BC942}") = "class", "class\class.vcxproj", "{28AD9436-49E2-4136-AC93-ECD76DF75933}"
EndProject
Global
	GlobalSection(SolutionConfigurationPlatforms) = preSolution
		Debug|x64 = Debug|x64
		Debug|x86 = Debug|x86
		Release|x64 = Release|x64
		Release|x86 = Release|x86
	EndGlobalSection
	GlobalSection(ProjectConfigurationPlatforms) = postSolution
		{E21D6AE4-307C-4E24-941D-CF92CA4FE6B0}.Debug|x64.ActiveCfg = Debug|x64
		{E21D6AE4-307C-4E24-941D-CF92CA4FE6B0}.Debug|x64.Build.0 = Debug|x64
		{E21D6AE4-307C-4E24-941D-CF92CA4FE6B0}.Debug|x86.ActiveCfg = Debug|Win32
		{E21D6AE4-307C-4E24-941D-CF92CA4FE6B0}.Debug|x86.Build.0 = Debug|Win32
		{E21D6AE4-307C-4E24-941D-CF92CA4FE6B0}.Release|x64.ActiveCfg = Release|x64
		{E21D6AE4-307C-4E24-941D-CF92CA4FE6B0}.Release|x64.Build.0 = Release|x64
		{E21D6AE4-307C-4E24-941D-CF92CA4FE6B0}.Release|x86.ActiveCfg = Release|Win32
		{E21D6AE4-307C-4E24-941D-CF92CA4FE6B0}.Release|x86.Build.0 = Release|Win32
		{28AD9436-49E2-4136-AC93-ECD76DF75933}.Debug|x64.ActiveCfg = Debug|x64
		{28AD9436-49E2-4136-AC93-ECD76DF75933}.Debug|x64.Build.0 = Debug|x64
		{28AD9436-49E2-4136-AC93-ECD76DF75933}.Debug|x86.ActiveCfg = Debug|Win32
		{28AD9436-49E2-4136-AC93-ECD76DF75933}.Debug|x86.Build.0 = Debug|Win32
		{28AD9436-49E2-4136-AC93-ECD76DF75933}.Release|x64.ActiveCfg = Release|x64
		{28AD9436-49E2-4136-AC93-ECD76DF75933}.Release|x64.Build.0 = Release|x64
		{28AD9436-49E2-4136-AC93-ECD76DF75933}.Release|x86.ActiveCfg = Release|Win32
		{28AD9436-49E2-4136-AC93-ECD76DF75933}.Release|x86.Build.0 = Release|Win32
	EndGlobalSection
	GlobalSection(SolutionProperties) = preSolution
		HideSolutionNode = FALSE
	EndGlobalSection
	GlobalSection(ExtensibilityGlobals) = postSolution
		SolutionGuid = {61A9D85C-FB7A-4F2F-899E-9702FA9B3EF6}
	EndGlobalSection
EndGlobal
